
Microsoft Visual Studio Solution File, Format Version 12.00
# Visual Studio Version 16
VisualStudioVersion = 16.0.30523.141
MinimumVisualStudioVersion = 10.0.40219.1
Project("{9A19103F-16F7-4668-BE54-9A1E7A4F7556}") = "EmergencyManagementSystem.Common.API", "EmergencyManagementSystem.Common.API\EmergencyManagementSystem.Common.API.csproj", "{23AA6176-E9CF-432B-B4E2-AC9FE79BF6AA}"
EndProject
Project("{FAE04EC0-301F-11D3-BF4B-00C04F79EFBC}") = "EmergencyManagementSystem.Common.DAL", "EmergencyManagementSystem.Common.DAL\EmergencyManagementSystem.Common.DAL.csproj", "{D7535407-5387-48E9-80D9-6CE2BE2F7C1D}"
EndProject
Project("{FAE04EC0-301F-11D3-BF4B-00C04F79EFBC}") = "EmergencyManagementSystem.Common.BLL", "EmergencyManagementSystem.Common.BLL\EmergencyManagementSystem.Common.BLL.csproj", "{71C060CF-11F9-4F74-9539-AA0EC250BAAA}"
EndProject
Project("{FAE04EC0-301F-11D3-BF4B-00C04F79EFBC}") = "EmergencyManagementSystem.Common.Entities", "EmergencyManagementSystem.Common.Entities\EmergencyManagementSystem.Common.Entities.csproj", "{59811D9C-96EB-4269-9EC7-9231327ACE1A}"
EndProject
Project("{FAE04EC0-301F-11D3-BF4B-00C04F79EFBC}") = "EmergencyManagementSystem.Common.Common", "EmergencyManagementSystem.Common.Common\EmergencyManagementSystem.Common.Common.csproj", "{A79DC4AC-81DB-45D8-917D-9529F5547C13}"
EndProject
Global
	GlobalSection(SolutionConfigurationPlatforms) = preSolution
		Debug|Any CPU = Debug|Any CPU
		Release|Any CPU = Release|Any CPU
	EndGlobalSection
	GlobalSection(ProjectConfigurationPlatforms) = postSolution
		{23AA6176-E9CF-432B-B4E2-AC9FE79BF6AA}.Debug|Any CPU.ActiveCfg = Debug|Any CPU
		{23AA6176-E9CF-432B-B4E2-AC9FE79BF6AA}.Debug|Any CPU.Build.0 = Debug|Any CPU
		{23AA6176-E9CF-432B-B4E2-AC9FE79BF6AA}.Release|Any CPU.ActiveCfg = Release|Any CPU
		{23AA6176-E9CF-432B-B4E2-AC9FE79BF6AA}.Release|Any CPU.Build.0 = Release|Any CPU
		{D7535407-5387-48E9-80D9-6CE2BE2F7C1D}.Debug|Any CPU.ActiveCfg = Debug|Any CPU
		{D7535407-5387-48E9-80D9-6CE2BE2F7C1D}.Debug|Any CPU.Build.0 = Debug|Any CPU
		{D7535407-5387-48E9-80D9-6CE2BE2F7C1D}.Release|Any CPU.ActiveCfg = Release|Any CPU
		{D7535407-5387-48E9-80D9-6CE2BE2F7C1D}.Release|Any CPU.Build.0 = Release|Any CPU
		{71C060CF-11F9-4F74-9539-AA0EC250BAAA}.Debug|Any CPU.ActiveCfg = Debug|Any CPU
		{71C060CF-11F9-4F74-9539-AA0EC250BAAA}.Debug|Any CPU.Build.0 = Debug|Any CPU
		{71C060CF-11F9-4F74-9539-AA0EC250BAAA}.Release|Any CPU.ActiveCfg = Release|Any CPU
		{71C060CF-11F9-4F74-9539-AA0EC250BAAA}.Release|Any CPU.Build.0 = Release|Any CPU
		{59811D9C-96EB-4269-9EC7-9231327ACE1A}.Debug|Any CPU.ActiveCfg = Debug|Any CPU
		{59811D9C-96EB-4269-9EC7-9231327ACE1A}.Debug|Any CPU.Build.0 = Debug|Any CPU
		{59811D9C-96EB-4269-9EC7-9231327ACE1A}.Release|Any CPU.ActiveCfg = Release|Any CPU
		{59811D9C-96EB-4269-9EC7-9231327ACE1A}.Release|Any CPU.Build.0 = Release|Any CPU
		{A79DC4AC-81DB-45D8-917D-9529F5547C13}.Debug|Any CPU.ActiveCfg = Debug|Any CPU
		{A79DC4AC-81DB-45D8-917D-9529F5547C13}.Debug|Any CPU.Build.0 = Debug|Any CPU
		{A79DC4AC-81DB-45D8-917D-9529F5547C13}.Release|Any CPU.ActiveCfg = Release|Any CPU
		{A79DC4AC-81DB-45D8-917D-9529F5547C13}.Release|Any CPU.Build.0 = Release|Any CPU
	EndGlobalSection
	GlobalSection(SolutionProperties) = preSolution
		HideSolutionNode = FALSE
	EndGlobalSection
	GlobalSection(ExtensibilityGlobals) = postSolution
		SolutionGuid = {691423F2-A5C0-47BC-B977-75C7B1EC6B35}
	EndGlobalSection
EndGlobal
